
Microsoft Visual Studio Solution File, Format Version 12.00
# Visual Studio Version 16
VisualStudioVersion = 16.0.31729.503
MinimumVisualStudioVersion = 10.0.40219.1
Project("{FAE04EC0-301F-11D3-BF4B-00C04F79EFBC}") = "WebAuthentication", "WebAuthentication\WebAuthentication.csproj", "{16CA2135-FC13-4BA3-BE71-9489166218E6}"
EndProject
Global
	GlobalSection(SolutionConfigurationPlatforms) = preSolution
		Debug|Any CPU = Debug|Any CPU
		Release|Any CPU = Release|Any CPU
	EndGlobalSection
	GlobalSection(ProjectConfigurationPlatforms) = postSolution
		{16CA2135-FC13-4BA3-BE71-9489166218E6}.Debug|Any CPU.ActiveCfg = Debug|Any CPU
		{16CA2135-FC13-4BA3-BE71-9489166218E6}.Debug|Any CPU.Build.0 = Debug|Any CPU
		{16CA2135-FC13-4BA3-BE71-9489166218E6}.Release|Any CPU.ActiveCfg = Release|Any CPU
		{16CA2135-FC13-4BA3-BE71-9489166218E6}.Release|Any CPU.Build.0 = Release|Any CPU
	EndGlobalSection
	GlobalSection(SolutionProperties) = preSolution
		HideSolutionNode = FALSE
	EndGlobalSection
	GlobalSection(ExtensibilityGlobals) = postSolution
		SolutionGuid = {16A631A1-8A46-4897-9A80-DAB04EA3EF3F}
	EndGlobalSection
EndGlobal
